<?xml version="1.0" encoding="utf-8"?>
<Project ToolsVersion="4.0" xmlns="http://schemas.microsoft.com/developer/msbuild/2003">
  <ItemGroup>
    <Filter Include="Source Files">
      <UniqueIdentifier>{4FC737F1-C7A5-4376-A066-2A32D752A2FF}</UniqueIdentifier>
      <Extensions>cpp;c;cc;cxx;def;odl;idl;hpj;bat;asm;asmx</Extensions>
    </Filter>
    <Filter Include="Header Files">
      <UniqueIdentifier>{93995380-89BD-4b04-88EB-625FBE52EBFB}</UniqueIdentifier>
      <Extensions>h;hpp;hxx;hm;inl;inc;xsd</Extensions>
    </Filter>
    <Filter Include="Resource Files">
      <UniqueIdentifier>{67DA6AB6-F800-4c08-8B7A-83BB121AAD01}</UniqueIdentifier>
      <Extensions>rc;ico;cur;bmp;dlg;rc2;rct;bin;rgs;gif;jpg;jpeg;jpe;resx;tiff;tif;png;wav;mfcribbon-ms</Extensions>
    </Filter>
    <Filter Include="Header Files\framework">
      <UniqueIdentifier>{511f85d4-1204-4dbe-8660-d85dee3280eb}</UniqueIdentifier>
    </Filter>
    <Filter Include="Source Files\framework">
      <UniqueIdentifier>{78eefac5-c651-4fd2-aa6c-94aa9e98ba69}</UniqueIdentifier>
    </Filter>
    <Filter Include="Header Files\utility">
      <UniqueIdentifier>{68b85fb2-bd4f-4dd5-b240-6f2df0e8745b}</UniqueIdentifier>
    </Filter>
    <Filter Include="Source Files\utility">
      <UniqueIdentifier>{b88cdd41-c7ea-424e-b247-708953805c5a}</UniqueIdentifier>
    </Filter>
    <Filter Include="UnitTest++">
      <UniqueIdentifier>{049fe604-87dd-47b3-8473-7621ac78f60c}</UniqueIdentifier>
    </Filter>
    <Filter Include="Source Files\tests">
      <UniqueIdentifier>{b69a1cff-c890-4846-b0bf-19bb35b740e3}</UniqueIdentifier>
    </Filter>
    <Filter Include="Header Files\screens">
      <UniqueIdentifier>{5a9417b5-84b7-48eb-a630-e787abb85c95}</UniqueIdentifier>
    </Filter>
    <Filter Include="Header Files\levels">
      <UniqueIdentifier>{4636ea82-8ed8-42d5-920b-7d2720e8c13e}</UniqueIdentifier>
    </Filter>
    <Filter Include="Source Files\levels">
      <UniqueIdentifier>{84705671-bbc5-436a-bfca-0832a06a4713}</UniqueIdentifier>
    </Filter>
    <Filter Include="Source Files\screens">
      <UniqueIdentifier>{7dfb9da8-1386-44f7-b747-48fa1d971b54}</UniqueIdentifier>
    </Filter>
    <Filter Include="Header Files\Factories">
      <UniqueIdentifier>{41f03c25-bacc-41ae-8a18-f7be41457051}</UniqueIdentifier>
    </Filter>
    <Filter Include="Source Files\Factories">
      <UniqueIdentifier>{85d1ee05-ec48-4c55-8bb9-52e39e425029}</UniqueIdentifier>
    </Filter>
    <Filter Include="Header Files\Factories\Character">
      <UniqueIdentifier>{f5bbd7a5-7f3a-4772-b0e1-2c5f68a19e67}</UniqueIdentifier>
    </Filter>
    <Filter Include="Header Files\Factories\Character\Characters">
      <UniqueIdentifier>{ef079ea6-9981-481d-bd24-2aa0aff6f243}</UniqueIdentifier>
    </Filter>
    <Filter Include="Header Files\Factories\Character\Characters\Enemies">
      <UniqueIdentifier>{98d03c6c-5ab6-40ce-8030-261657308214}</UniqueIdentifier>
    </Filter>
    <Filter Include="Header Files\Factories\Character\Characters\NPC">
      <UniqueIdentifier>{ce1f55b5-eb8c-4f5c-8d56-965ca4b0b8c9}</UniqueIdentifier>
    </Filter>
    <Filter Include="Header Files\Factories\Character\Characters\Player">
      <UniqueIdentifier>{8e383215-c965-4475-9056-9d8cb7ea77d2}</UniqueIdentifier>
    </Filter>
    <Filter Include="Header Files\Factories\Weapons">
      <UniqueIdentifier>{433d6588-1e03-42d1-b2f9-21eaf86068aa}</UniqueIdentifier>
    </Filter>
    <Filter Include="Source Files\Factories\Characters">
      <UniqueIdentifier>{abba65e7-b0bb-44b3-b77e-3276f7f43e6d}</UniqueIdentifier>
    </Filter>
    <Filter Include="Source Files\Factories\Characters\Player">
      <UniqueIdentifier>{9bd0dbb4-cc0c-4a09-9666-a7170f81cb03}</UniqueIdentifier>
    </Filter>
    <Filter Include="Source Files\Factories\Characters\NPC">
      <UniqueIdentifier>{eb669db7-d327-401d-af08-bad06c057e66}</UniqueIdentifier>
    </Filter>
    <Filter Include="Source Files\Factories\Characters\Enemies">
      <UniqueIdentifier>{4569df9a-022b-490c-a5e3-adceff43bc28}</UniqueIdentifier>
    </Filter>
    <Filter Include="Source Files\Factories\Weapons">
      <UniqueIdentifier>{9cf5ed59-e369-4a02-b199-8764deadcaed}</UniqueIdentifier>
    </Filter>
    <Filter Include="Header Files\Factories\Weapons\weapons">
      <UniqueIdentifier>{86d6b09b-3d1b-4b0c-8012-69ecc37aae7d}</UniqueIdentifier>
    </Filter>
    <Filter Include="Source Files\Factories\Weapons\weapons">
      <UniqueIdentifier>{ee9d8400-b57c-4860-89b5-1d0ef001707a}</UniqueIdentifier>
    </Filter>
    <Filter Include="Header Files\text box">
      <UniqueIdentifier>{7b7ba6f3-814e-4345-ad37-f191775c1917}</UniqueIdentifier>
    </Filter>
    <Filter Include="Source Files\text box">
      <UniqueIdentifier>{0a277521-676c-4f57-a56f-4c9def773a0e}</UniqueIdentifier>
    </Filter>
  </ItemGroup>
  <ItemGroup>
    <ClInclude Include="audiomanager.h">
      <Filter>Header Files\framework</Filter>
    </ClInclude>
    <ClInclude Include="GameBase.h">
      <Filter>Header Files\framework</Filter>
    </ClInclude>
    <ClInclude Include="timer.h">
      <Filter>Header Files\framework</Filter>
    </ClInclude>
    <ClInclude Include="AWFont.h">
      <Filter>Header Files\framework</Filter>
    </ClInclude>
    <ClInclude Include="AWSprite.h">
      <Filter>Header Files\framework</Filter>
    </ClInclude>
    <ClInclude Include="console.h">
      <Filter>Header Files\framework</Filter>
    </ClInclude>
    <ClInclude Include="random.h">
      <Filter>Header Files\framework</Filter>
    </ClInclude>
    <ClInclude Include="SDL.h">
      <Filter>Header Files\framework</Filter>
    </ClInclude>
    <ClInclude Include="SDL_image.h">
      <Filter>Header Files\framework</Filter>
    </ClInclude>
    <ClInclude Include="smanip.h">
      <Filter>Header Files\framework</Filter>
    </ClInclude>
    <ClInclude Include="SDL_events.h">
      <Filter>Header Files\framework</Filter>
    </ClInclude>
    <ClInclude Include="SDL_keysym.h">
      <Filter>Header Files\framework</Filter>
    </ClInclude>
    <ClInclude Include="SDL_mouse.h">
      <Filter>Header Files\framework</Filter>
    </ClInclude>
    <ClInclude Include="UnitTest++\src\AssertException.h">
      <Filter>UnitTest++</Filter>
    </ClInclude>
    <ClInclude Include="UnitTest++\src\CheckMacros.h">
      <Filter>UnitTest++</Filter>
    </ClInclude>
    <ClInclude Include="UnitTest++\src\Checks.h">
      <Filter>UnitTest++</Filter>
    </ClInclude>
    <ClInclude Include="UnitTest++\src\Config.h">
      <Filter>UnitTest++</Filter>
    </ClInclude>
    <ClInclude Include="UnitTest++\src\CurrentTest.h">
      <Filter>UnitTest++</Filter>
    </ClInclude>
    <ClInclude Include="UnitTest++\src\DeferredTestReporter.h">
      <Filter>UnitTest++</Filter>
    </ClInclude>
    <ClInclude Include="UnitTest++\src\DeferredTestResult.h">
      <Filter>UnitTest++</Filter>
    </ClInclude>
    <ClInclude Include="UnitTest++\src\ExecuteTest.h">
      <Filter>UnitTest++</Filter>
    </ClInclude>
    <ClInclude Include="UnitTest++\src\MemoryOutStream.h">
      <Filter>UnitTest++</Filter>
    </ClInclude>
    <ClInclude Include="UnitTest++\src\ReportAssert.h">
      <Filter>UnitTest++</Filter>
    </ClInclude>
    <ClInclude Include="UnitTest++\src\Test.h">
      <Filter>UnitTest++</Filter>
    </ClInclude>
    <ClInclude Include="UnitTest++\src\TestDetails.h">
      <Filter>UnitTest++</Filter>
    </ClInclude>
    <ClInclude Include="UnitTest++\src\TestList.h">
      <Filter>UnitTest++</Filter>
    </ClInclude>
    <ClInclude Include="UnitTest++\src\TestMacros.h">
      <Filter>UnitTest++</Filter>
    </ClInclude>
    <ClInclude Include="UnitTest++\src\TestReporter.h">
      <Filter>UnitTest++</Filter>
    </ClInclude>
    <ClInclude Include="UnitTest++\src\TestReporterStdout.h">
      <Filter>UnitTest++</Filter>
    </ClInclude>
    <ClInclude Include="UnitTest++\src\TestResults.h">
      <Filter>UnitTest++</Filter>
    </ClInclude>
    <ClInclude Include="UnitTest++\src\TestRunner.h">
      <Filter>UnitTest++</Filter>
    </ClInclude>
    <ClInclude Include="UnitTest++\src\TestSuite.h">
      <Filter>UnitTest++</Filter>
    </ClInclude>
    <ClInclude Include="UnitTest++\src\TimeConstraint.h">
      <Filter>UnitTest++</Filter>
    </ClInclude>
    <ClInclude Include="UnitTest++\src\TimeHelpers.h">
      <Filter>UnitTest++</Filter>
    </ClInclude>
    <ClInclude Include="UnitTest++\src\UnitTest++.h">
      <Filter>UnitTest++</Filter>
    </ClInclude>
    <ClInclude Include="UnitTest++\src\XmlTestReporter.h">
      <Filter>UnitTest++</Filter>
    </ClInclude>
    <ClInclude Include="Game.h">
      <Filter>Header Files</Filter>
    </ClInclude>
    <ClInclude Include="Object.h">
      <Filter>Header Files</Filter>
    </ClInclude>
    <ClInclude Include="UI.h">
      <Filter>Header Files</Filter>
    </ClInclude>
    <ClInclude Include="Great_Axe.h">
      <Filter>Header Files\Factories\Weapons\weapons</Filter>
    </ClInclude>
    <ClInclude Include="Sniper.h">
      <Filter>Header Files\Factories\Weapons\weapons</Filter>
    </ClInclude>
    <ClInclude Include="Sword.h">
      <Filter>Header Files\Factories\Weapons\weapons</Filter>
    </ClInclude>
    <ClInclude Include="Weapon.h">
      <Filter>Header Files\Factories\Weapons\weapons</Filter>
    </ClInclude>
    <ClInclude Include="AW_Sprite_Interface.h">
      <Filter>Header Files\utility</Filter>
    </ClInclude>
    <ClInclude Include="Inventory.h">
      <Filter>Header Files</Filter>
    </ClInclude>
    <ClInclude Include="Consts.h">
      <Filter>Header Files</Filter>
    </ClInclude>
    <ClInclude Include="UI_Play_Screen.h">
      <Filter>Header Files</Filter>
    </ClInclude>
    <ClInclude Include="Player.h">
      <Filter>Header Files\Factories\Character\Characters\Player</Filter>
    </ClInclude>
    <ClInclude Include="Crossbow.h">
      <Filter>Header Files\Factories\Weapons\weapons</Filter>
    </ClInclude>
    <ClInclude Include="Game_Constants.h">
      <Filter>Header Files</Filter>
    </ClInclude>
    <ClInclude Include="Ogre.h">
      <Filter>Header Files\Factories\Character\Characters\Enemies</Filter>
    </ClInclude>
    <ClInclude Include="Test_All.h">
      <Filter>Header Files</Filter>
    </ClInclude>
    <ClInclude Include="Level.h">
      <Filter>Header Files\levels</Filter>
    </ClInclude>
    <ClInclude Include="NPC_Shopkeeper.h">
      <Filter>Header Files\Factories\Character\Characters\NPC</Filter>
    </ClInclude>
    <ClInclude Include="NPC_Hinter.h">
      <Filter>Header Files\Factories\Character\Characters\NPC</Filter>
    </ClInclude>
    <ClInclude Include="NPC_Base.h">
      <Filter>Header Files\Factories\Character\Characters\NPC</Filter>
    </ClInclude>
    <ClInclude Include="Text_Boxes.h">
      <Filter>Header Files\utility</Filter>
    </ClInclude>
    <ClInclude Include="Pickup_Objects.h">
      <Filter>Header Files</Filter>
    </ClInclude>
    <ClInclude Include="Puzzle_Objects.h">
      <Filter>Header Files</Filter>
    </ClInclude>
    <ClInclude Include="End_Menu_Splash.h">
      <Filter>Header Files\screens</Filter>
    </ClInclude>
    <ClInclude Include="Pause_Menu_Splash.h">
      <Filter>Header Files\screens</Filter>
    </ClInclude>
    <ClInclude Include="Splash_Screen.h">
      <Filter>Header Files\screens</Filter>
    </ClInclude>
    <ClInclude Include="Start_Menu_Splash.h">
      <Filter>Header Files\screens</Filter>
    </ClInclude>
    <ClInclude Include="Enemy.h">
      <Filter>Header Files\Factories\Character\Characters\Enemies</Filter>
    </ClInclude>
    <ClInclude Include="Vector2.h">
      <Filter>Source Files\utility</Filter>
    </ClInclude>
    <ClInclude Include="Character_Creator.h">
      <Filter>Header Files\Factories\Character</Filter>
    </ClInclude>
    <ClInclude Include="Character_Factory.h">
      <Filter>Header Files\Factories\Character</Filter>
    </ClInclude>
    <ClInclude Include="Character_Factory_Implementation.h">
      <Filter>Header Files\Factories\Character</Filter>
    </ClInclude>
    <ClInclude Include="Character.h">
      <Filter>Header Files\Factories\Character\Characters</Filter>
    </ClInclude>
    <ClInclude Include="Jesus.h">
      <Filter>Header Files\Factories\Character\Characters\Enemies</Filter>
    </ClInclude>
    <ClInclude Include="Weapon_Creator.h">
      <Filter>Header Files\Factories\Weapons</Filter>
    </ClInclude>
    <ClInclude Include="Weapon_Factory.h">
      <Filter>Header Files\Factories\Weapons</Filter>
    </ClInclude>
    <ClInclude Include="Weapon_Factory_Implementation.h">
      <Filter>Header Files\Factories\Weapons</Filter>
    </ClInclude>
    <ClInclude Include="Empowered_Knuckles.h">
      <Filter>Header Files\Factories\Weapons\weapons</Filter>
    </ClInclude>
    <ClInclude Include="Play_Screen.h">
      <Filter>Header Files\screens</Filter>
    </ClInclude>
    <ClInclude Include="Text_Box.h">
      <Filter>Header Files\text box</Filter>
    </ClInclude>
    <ClInclude Include="Projectile.h">
      <Filter>Header Files</Filter>
    </ClInclude>
    <ClInclude Include="Level_One.h">
      <Filter>Header Files\levels</Filter>
    </ClInclude>
  </ItemGroup>
  <ItemGroup>
    <ClCompile Include="GameBase.cpp">
      <Filter>Source Files\framework</Filter>
    </ClCompile>
    <ClCompile Include="AWSprite.cpp">
      <Filter>Source Files\framework</Filter>
    </ClCompile>
    <ClCompile Include="audiomanager.cpp">
      <Filter>Source Files\framework</Filter>
    </ClCompile>
    <ClCompile Include="UnitTest++\src\AssertException.cpp">
      <Filter>UnitTest++</Filter>
    </ClCompile>
    <ClCompile Include="UnitTest++\src\Checks.cpp">
      <Filter>UnitTest++</Filter>
    </ClCompile>
    <ClCompile Include="UnitTest++\src\CurrentTest.cpp">
      <Filter>UnitTest++</Filter>
    </ClCompile>
    <ClCompile Include="UnitTest++\src\DeferredTestReporter.cpp">
      <Filter>UnitTest++</Filter>
    </ClCompile>
    <ClCompile Include="UnitTest++\src\DeferredTestResult.cpp">
      <Filter>UnitTest++</Filter>
    </ClCompile>
    <ClCompile Include="UnitTest++\src\MemoryOutStream.cpp">
      <Filter>UnitTest++</Filter>
    </ClCompile>
    <ClCompile Include="UnitTest++\src\ReportAssert.cpp">
      <Filter>UnitTest++</Filter>
    </ClCompile>
    <ClCompile Include="UnitTest++\src\Test.cpp">
      <Filter>UnitTest++</Filter>
    </ClCompile>
    <ClCompile Include="UnitTest++\src\TestDetails.cpp">
      <Filter>UnitTest++</Filter>
    </ClCompile>
    <ClCompile Include="UnitTest++\src\TestList.cpp">
      <Filter>UnitTest++</Filter>
    </ClCompile>
    <ClCompile Include="UnitTest++\src\TestReporter.cpp">
      <Filter>UnitTest++</Filter>
    </ClCompile>
    <ClCompile Include="UnitTest++\src\TestReporterStdout.cpp">
      <Filter>UnitTest++</Filter>
    </ClCompile>
    <ClCompile Include="UnitTest++\src\TestResults.cpp">
      <Filter>UnitTest++</Filter>
    </ClCompile>
    <ClCompile Include="UnitTest++\src\TestRunner.cpp">
      <Filter>UnitTest++</Filter>
    </ClCompile>
    <ClCompile Include="UnitTest++\src\TimeConstraint.cpp">
      <Filter>UnitTest++</Filter>
    </ClCompile>
    <ClCompile Include="UnitTest++\src\TimeHelpers.cpp">
      <Filter>UnitTest++</Filter>
    </ClCompile>
    <ClCompile Include="UnitTest++\src\XmlTestReporter.cpp">
      <Filter>UnitTest++</Filter>
    </ClCompile>
    <ClCompile Include="Main.cpp">
      <Filter>Source Files</Filter>
    </ClCompile>
    <ClCompile Include="Game.cpp">
      <Filter>Source Files</Filter>
    </ClCompile>
    <ClCompile Include="Object.cpp">
      <Filter>Source Files</Filter>
    </ClCompile>
    <ClCompile Include="UI.cpp">
      <Filter>Source Files</Filter>
    </ClCompile>
    <ClCompile Include="Sword.cpp">
      <Filter>Source Files\Factories\Weapons\weapons</Filter>
    </ClCompile>
    <ClCompile Include="Sniper.cpp">
      <Filter>Source Files\Factories\Weapons\weapons</Filter>
    </ClCompile>
    <ClCompile Include="Empowere_Knuckles.cpp">
      <Filter>Source Files\Factories\Weapons\weapons</Filter>
    </ClCompile>
    <ClCompile Include="Great_Axe.cpp">
      <Filter>Source Files\Factories\Weapons\weapons</Filter>
    </ClCompile>
    <ClCompile Include="Crossbow.cpp">
      <Filter>Source Files\Factories\Weapons\weapons</Filter>
    </ClCompile>
    <ClCompile Include="AW_Sprite_Interface.cpp">
      <Filter>Source Files\utility</Filter>
    </ClCompile>
    <ClCompile Include="Inventory.cpp">
      <Filter>Source Files</Filter>
    </ClCompile>
    <ClCompile Include="UI_Play_Screen.cpp">
      <Filter>Source Files</Filter>
    </ClCompile>
    <ClCompile Include="Weapon.cpp">
      <Filter>Source Files\Factories\Weapons\weapons</Filter>
    </ClCompile>
    <ClCompile Include="Enemy.cpp">
      <Filter>Source Files\Factories\Characters\Enemies</Filter>
    </ClCompile>
    <ClCompile Include="Player.cpp">
      <Filter>Source Files\Factories\Characters\Player</Filter>
    </ClCompile>
    <ClCompile Include="Ogre.cpp">
      <Filter>Source Files\Factories\Characters\Enemies</Filter>
    </ClCompile>
    <ClCompile Include="Test_All.cpp">
      <Filter>Source Files</Filter>
    </ClCompile>
    <ClCompile Include="Test_Everything.cpp">
      <Filter>Source Files\tests</Filter>
    </ClCompile>
    <ClCompile Include="Level.cpp">
      <Filter>Source Files\levels</Filter>
    </ClCompile>
    <ClCompile Include="NPC_Base.cpp">
      <Filter>Source Files\Factories\Characters\NPC</Filter>
    </ClCompile>
    <ClCompile Include="NPC_Hinter.cpp">
      <Filter>Source Files\Factories\Characters\NPC</Filter>
    </ClCompile>
    <ClCompile Include="NPC_Shopkeeper.cpp">
      <Filter>Source Files\Factories\Characters\NPC</Filter>
    </ClCompile>
    <ClCompile Include="Text_Boxes.cpp">
      <Filter>Source Files\utility</Filter>
    </ClCompile>
    <ClCompile Include="Pickup_Objects.cpp">
      <Filter>Source Files</Filter>
    </ClCompile>
    <ClCompile Include="Puzzle_Objects.cpp">
      <Filter>Source Files</Filter>
    </ClCompile>
    <ClCompile Include="End_Menu_Splash.cpp">
      <Filter>Source Files\screens</Filter>
    </ClCompile>
    <ClCompile Include="Pause_Menu_Splash.cpp">
      <Filter>Source Files\screens</Filter>
    </ClCompile>
    <ClCompile Include="Splash_Screen.cpp">
      <Filter>Source Files\screens</Filter>
    </ClCompile>
    <ClCompile Include="Start_Menu_Splash.cpp">
      <Filter>Source Files\screens</Filter>
    </ClCompile>
    <ClCompile Include="Jesus.cpp">
      <Filter>Source Files\Factories\Characters\Enemies</Filter>
    </ClCompile>
    <ClCompile Include="Character_Factory_Implementation.cpp">
      <Filter>Source Files\Factories\Characters</Filter>
    </ClCompile>
    <ClCompile Include="Character_Creator.cpp">
      <Filter>Source Files\Factories\Characters</Filter>
    </ClCompile>
    <ClCompile Include="Weapon_Creator.cpp">
      <Filter>Source Files\Factories\Weapons</Filter>
    </ClCompile>
    <ClCompile Include="Weapon_Factory_Implementation.cpp">
      <Filter>Source Files\Factories\Weapons</Filter>
    </ClCompile>
    <ClCompile Include="Character.cpp">
      <Filter>Source Files\Factories\Characters</Filter>
    </ClCompile>
    <ClCompile Include="Play_Screen.cpp">
      <Filter>Source Files\screens</Filter>
    </ClCompile>
    <ClCompile Include="Text_Box.cpp">
      <Filter>Source Files\text box</Filter>
    </ClCompile>
    <ClCompile Include="Projectile.cpp">
      <Filter>Source Files</Filter>
    </ClCompile>
    <ClCompile Include="Level_One.cpp">
      <Filter>Source Files\levels</Filter>
    </ClCompile>
  </ItemGroup>
</Project>